
Microsoft Visual Studio Solution File, Format Version 12.00
# Visual Studio Version 17
VisualStudioVersion = 17.2.32630.192
MinimumVisualStudioVersion = 10.0.40219.1
Project("{FAE04EC0-301F-11D3-BF4B-00C04F79EFBC}") = "CreatingPhoneWithOOP", "CreatingPhoneWithOOP\CreatingPhoneWithOOP.csproj", "{D8721082-65AB-45C7-A071-D72AEE2D7E74}"
EndProject
Global
	GlobalSection(SolutionConfigurationPlatforms) = preSolution
		Debug|Any CPU = Debug|Any CPU
		Release|Any CPU = Release|Any CPU
	EndGlobalSection
	GlobalSection(ProjectConfigurationPlatforms) = postSolution
		{D8721082-65AB-45C7-A071-D72AEE2D7E74}.Debug|Any CPU.ActiveCfg = Debug|Any CPU
		{D8721082-65AB-45C7-A071-D72AEE2D7E74}.Debug|Any CPU.Build.0 = Debug|Any CPU
		{D8721082-65AB-45C7-A071-D72AEE2D7E74}.Release|Any CPU.ActiveCfg = Release|Any CPU
		{D8721082-65AB-45C7-A071-D72AEE2D7E74}.Release|Any CPU.Build.0 = Release|Any CPU
	EndGlobalSection
	GlobalSection(SolutionProperties) = preSolution
		HideSolutionNode = FALSE
	EndGlobalSection
	GlobalSection(ExtensibilityGlobals) = postSolution
		SolutionGuid = {5153E3C9-5B7E-4109-A5CC-D754C7079A44}
	EndGlobalSection
EndGlobal
